
Microsoft Visual Studio Solution File, Format Version 12.00
# Visual Studio Version 17
VisualStudioVersion = 17.9.34728.123
MinimumVisualStudioVersion = 10.0.40219.1
Project("{FAE04EC0-301F-11D3-BF4B-00C04F79EFBC}") = "Solitare", "Solitare.csproj", "{BD59BF5F-A868-469F-9AE2-8A8B2A02D910}"
EndProject
Global
	GlobalSection(SolutionConfigurationPlatforms) = preSolution
		Debug|Any CPU = Debug|Any CPU
		Release|Any CPU = Release|Any CPU
	EndGlobalSection
	GlobalSection(ProjectConfigurationPlatforms) = postSolution
		{BD59BF5F-A868-469F-9AE2-8A8B2A02D910}.Debug|Any CPU.ActiveCfg = Debug|Any CPU
		{BD59BF5F-A868-469F-9AE2-8A8B2A02D910}.Debug|Any CPU.Build.0 = Debug|Any CPU
		{BD59BF5F-A868-469F-9AE2-8A8B2A02D910}.Release|Any CPU.ActiveCfg = Release|Any CPU
		{BD59BF5F-A868-469F-9AE2-8A8B2A02D910}.Release|Any CPU.Build.0 = Release|Any CPU
	EndGlobalSection
	GlobalSection(SolutionProperties) = preSolution
		HideSolutionNode = FALSE
	EndGlobalSection
	GlobalSection(ExtensibilityGlobals) = postSolution
		SolutionGuid = {13E07548-5FDC-43E5-AFE1-649F3F04EAD8}
	EndGlobalSection
EndGlobal
